{
  "meteor": {},
  "dependencies": {
    "basePackages": {
      "moment": {},
      "bootstrap-3": {},
      "chosen-package": {}
    },
    "packages": {
      "moment": {
        "git": "https://github.com/possibilities/meteor-moment.git",
        "tag": "v1.7.0",
        "commit": "c64b6ec0e714b9556f4b6643d430b868ba69d3d7"
      },
      "bootstrap-3": {
        "git": "https://github.com/mangasocial/meteor-bootstrap-3.git",
        "tag": "v0.3.4",
        "commit": "680c056e849d079a1b669247f347da2b443aad91"
      },
      "chosen-package": {
        "git": "https://github.com/Ore4444/chosen-package.git",
        "tag": "v0.11.1",
        "commit": "8d1a748bafaae8b6005a979ab7261ac14ff38052"
      }
    }
  }
}
